// !$*UTF8*$!
{
	archiveVersion = 1;
	classes = {
	};
	objectVersion = 46;
	objects = {

/* Begin PBXBuildFile section */
		691EE6261E71977D00E8C484 /* AdditionQuestion.m in Sources */ = {isa = PBXBuildFile; fileRef = 691EE6251E71977D00E8C484 /* AdditionQuestion.m */; };
		691EE6291E71978D00E8C484 /* SubtractionQuestion.m in Sources */ = {isa = PBXBuildFile; fileRef = 691EE6281E71978D00E8C484 /* SubtractionQuestion.m */; };
		691EE62C1E7197BF00E8C484 /* MultiplicationQuestion.m in Sources */ = {isa = PBXBuildFile; fileRef = 691EE62B1E7197BF00E8C484 /* MultiplicationQuestion.m */; };
		691EE62F1E7197D300E8C484 /* DivisionQuestion.m in Sources */ = {isa = PBXBuildFile; fileRef = 691EE62E1E7197D300E8C484 /* DivisionQuestion.m */; };
		691EE6351E71E66F00E8C484 /* QuestionFactory.m in Sources */ = {isa = PBXBuildFile; fileRef = 691EE6341E71E66F00E8C484 /* QuestionFactory.m */; };
		69310F3B1E6F36F900792B89 /* main.m in Sources */ = {isa = PBXBuildFile; fileRef = 69310F3A1E6F36F900792B89 /* main.m */; };
		69310F431E6F3D9D00792B89 /* Question.m in Sources */ = {isa = PBXBuildFile; fileRef = 69310F421E6F3D9D00792B89 /* Question.m */; };
		69310F461E6F615600792B89 /* InputHandler.m in Sources */ = {isa = PBXBuildFile; fileRef = 69310F451E6F615600792B89 /* InputHandler.m */; };
		69310F491E6F68B800792B89 /* ScoreKeeper.m in Sources */ = {isa = PBXBuildFile; fileRef = 69310F481E6F68B800792B89 /* ScoreKeeper.m */; };
		69ED67A21E70D11D0075D0CB /* QuestionManager.m in Sources */ = {isa = PBXBuildFile; fileRef = 69ED67A11E70D11D0075D0CB /* QuestionManager.m */; };
/* End PBXBuildFile section */

/* Begin PBXCopyFilesBuildPhase section */
		69310F351E6F36F900792B89 /* CopyFiles */ = {
			isa = PBXCopyFilesBuildPhase;
			buildActionMask = 2147483647;
			dstPath = /usr/share/man/man1/;
			dstSubfolderSpec = 0;
			files = (
			);
			runOnlyForDeploymentPostprocessing = 1;
		};
/* End PBXCopyFilesBuildPhase section */

/* Begin PBXFileReference section */
		691EE6241E71977D00E8C484 /* AdditionQuestion.h */ = {isa = PBXFileReference; fileEncoding = 4; lastKnownFileType = sourcecode.c.h; path = AdditionQuestion.h; sourceTree = "<group>"; };
		691EE6251E71977D00E8C484 /* AdditionQuestion.m */ = {isa = PBXFileReference; fileEncoding = 4; lastKnownFileType = sourcecode.c.objc; path = AdditionQuestion.m; sourceTree = "<group>"; };
		691EE6271E71978D00E8C484 /* SubtractionQuestion.h */ = {isa = PBXFileReference; fileEncoding = 4; lastKnownFileType = sourcecode.c.h; path = SubtractionQuestion.h; sourceTree = "<group>"; };
		691EE6281E71978D00E8C484 /* SubtractionQuestion.m */ = {isa = PBXFileReference; fileEncoding = 4; lastKnownFileType = sourcecode.c.objc; path = SubtractionQuestion.m; sourceTree = "<group>"; };
		691EE62A1E7197BF00E8C484 /* MultiplicationQuestion.h */ = {isa = PBXFileReference; fileEncoding = 4; lastKnownFileType = sourcecode.c.h; path = MultiplicationQuestion.h; sourceTree = "<group>"; };
		691EE62B1E7197BF00E8C484 /* MultiplicationQuestion.m */ = {isa = PBXFileReference; fileEncoding = 4; lastKnownFileType = sourcecode.c.objc; path = MultiplicationQuestion.m; sourceTree = "<group>"; };
		691EE62D1E7197D300E8C484 /* DivisionQuestion.h */ = {isa = PBXFileReference; fileEncoding = 4; lastKnownFileType = sourcecode.c.h; path = DivisionQuestion.h; sourceTree = "<group>"; };
		691EE62E1E7197D300E8C484 /* DivisionQuestion.m */ = {isa = PBXFileReference; fileEncoding = 4; lastKnownFileType = sourcecode.c.objc; path = DivisionQuestion.m; sourceTree = "<group>"; };
		691EE6331E71E66F00E8C484 /* QuestionFactory.h */ = {isa = PBXFileReference; fileEncoding = 4; lastKnownFileType = sourcecode.c.h; path = QuestionFactory.h; sourceTree = "<group>"; };
		691EE6341E71E66F00E8C484 /* QuestionFactory.m */ = {isa = PBXFileReference; fileEncoding = 4; lastKnownFileType = sourcecode.c.objc; path = QuestionFactory.m; sourceTree = "<group>"; };
		69310F371E6F36F900792B89 /* Maths */ = {isa = PBXFileReference; explicitFileType = "compiled.mach-o.executable"; includeInIndex = 0; path = Maths; sourceTree = BUILT_PRODUCTS_DIR; };
		69310F3A1E6F36F900792B89 /* main.m */ = {isa = PBXFileReference; lastKnownFileType = sourcecode.c.objc; path = main.m; sourceTree = "<group>"; };
		69310F411E6F3D9D00792B89 /* Question.h */ = {isa = PBXFileReference; fileEncoding = 4; lastKnownFileType = sourcecode.c.h; path = Question.h; sourceTree = "<group>"; };
		69310F421E6F3D9D00792B89 /* Question.m */ = {isa = PBXFileReference; fileEncoding = 4; lastKnownFileType = sourcecode.c.objc; path = Question.m; sourceTree = "<group>"; };
		69310F441E6F615600792B89 /* InputHandler.h */ = {isa = PBXFileReference; fileEncoding = 4; lastKnownFileType = sourcecode.c.h; path = InputHandler.h; sourceTree = "<group>"; };
		69310F451E6F615600792B89 /* InputHandler.m */ = {isa = PBXFileReference; fileEncoding = 4; lastKnownFileType = sourcecode.c.objc; path = InputHandler.m; sourceTree = "<group>"; };
		69310F471E6F68B800792B89 /* ScoreKeeper.h */ = {isa = PBXFileReference; fileEncoding = 4; lastKnownFileType = sourcecode.c.h; path = ScoreKeeper.h; sourceTree = "<group>"; };
		69310F481E6F68B800792B89 /* ScoreKeeper.m */ = {isa = PBXFileReference; fileEncoding = 4; lastKnownFileType = sourcecode.c.objc; path = ScoreKeeper.m; sourceTree = "<group>"; };
		69ED67A01E70D11D0075D0CB /* QuestionManager.h */ = {isa = PBXFileReference; fileEncoding = 4; lastKnownFileType = sourcecode.c.h; path = QuestionManager.h; sourceTree = "<group>"; };
		69ED67A11E70D11D0075D0CB /* QuestionManager.m */ = {isa = PBXFileReference; fileEncoding = 4; lastKnownFileType = sourcecode.c.objc; path = QuestionManager.m; sourceTree = "<group>"; };
/* End PBXFileReference section */

/* Begin PBXFrameworksBuildPhase section */
		69310F341E6F36F900792B89 /* Frameworks */ = {
			isa = PBXFrameworksBuildPhase;
			buildActionMask = 2147483647;
			files = (
			);
			runOnlyForDeploymentPostprocessing = 0;
		};
/* End PBXFrameworksBuildPhase section */

/* Begin PBXGroup section */
		69310F2E1E6F36F900792B89 = {
			isa = PBXGroup;
			children = (
				69310F391E6F36F900792B89 /* Maths */,
				69310F381E6F36F900792B89 /* Products */,
			);
			sourceTree = "<group>";
		};
		69310F381E6F36F900792B89 /* Products */ = {
			isa = PBXGroup;
			children = (
				69310F371E6F36F900792B89 /* Maths */,
			);
			name = Products;
			sourceTree = "<group>";
		};
		69310F391E6F36F900792B89 /* Maths */ = {
			isa = PBXGroup;
			children = (
				69310F3A1E6F36F900792B89 /* main.m */,
				69310F411E6F3D9D00792B89 /* Question.h */,
				69310F421E6F3D9D00792B89 /* Question.m */,
				691EE6241E71977D00E8C484 /* AdditionQuestion.h */,
				691EE6251E71977D00E8C484 /* AdditionQuestion.m */,
				691EE6271E71978D00E8C484 /* SubtractionQuestion.h */,
				691EE6281E71978D00E8C484 /* SubtractionQuestion.m */,
				691EE62A1E7197BF00E8C484 /* MultiplicationQuestion.h */,
				691EE62B1E7197BF00E8C484 /* MultiplicationQuestion.m */,
				691EE62D1E7197D300E8C484 /* DivisionQuestion.h */,
				691EE62E1E7197D300E8C484 /* DivisionQuestion.m */,
				691EE6331E71E66F00E8C484 /* QuestionFactory.h */,
				691EE6341E71E66F00E8C484 /* QuestionFactory.m */,
				69310F441E6F615600792B89 /* InputHandler.h */,
				69310F451E6F615600792B89 /* InputHandler.m */,
				69310F471E6F68B800792B89 /* ScoreKeeper.h */,
				69310F481E6F68B800792B89 /* ScoreKeeper.m */,
				69ED67A01E70D11D0075D0CB /* QuestionManager.h */,
				69ED67A11E70D11D0075D0CB /* QuestionManager.m */,
			);
			path = Maths;
			sourceTree = "<group>";
		};
/* End PBXGroup section */

/* Begin PBXNativeTarget section */
		69310F361E6F36F900792B89 /* Maths */ = {
			isa = PBXNativeTarget;
			buildConfigurationList = 69310F3E1E6F36F900792B89 /* Build configuration list for PBXNativeTarget "Maths" */;
			buildPhases = (
				69310F331E6F36F900792B89 /* Sources */,
				69310F341E6F36F900792B89 /* Frameworks */,
				69310F351E6F36F900792B89 /* CopyFiles */,
			);
			buildRules = (
			);
			dependencies = (
			);
			name = Maths;
			productName = Maths;
			productReference = 69310F371E6F36F900792B89 /* Maths */;
			productType = "com.apple.product-type.tool";
		};
/* End PBXNativeTarget section */

/* Begin PBXProject section */
		69310F2F1E6F36F900792B89 /* Project object */ = {
			isa = PBXProject;
			attributes = {
				LastUpgradeCheck = 0820;
				ORGANIZATIONNAME = "Trevor MacGregor";
				TargetAttributes = {
					69310F361E6F36F900792B89 = {
						CreatedOnToolsVersion = 8.2.1;
						ProvisioningStyle = Automatic;
					};
				};
			};
			buildConfigurationList = 69310F321E6F36F900792B89 /* Build configuration list for PBXProject "Maths" */;
			compatibilityVersion = "Xcode 3.2";
			developmentRegion = English;
			hasScannedForEncodings = 0;
			knownRegions = (
				en,
			);
			mainGroup = 69310F2E1E6F36F900792B89;
			productRefGroup = 69310F381E6F36F900792B89 /* Products */;
			projectDirPath = "";
			projectRoot = "";
			targets = (
				69310F361E6F36F900792B89 /* Maths */,
			);
		};
/* End PBXProject section */

/* Begin PBXSourcesBuildPhase section */
		69310F331E6F36F900792B89 /* Sources */ = {
			isa = PBXSourcesBuildPhase;
			buildActionMask = 2147483647;
			files = (
				69ED67A21E70D11D0075D0CB /* QuestionManager.m in Sources */,
				691EE62C1E7197BF00E8C484 /* MultiplicationQuestion.m in Sources */,
				691EE6261E71977D00E8C484 /* AdditionQuestion.m in Sources */,
				691EE6291E71978D00E8C484 /* SubtractionQuestion.m in Sources */,
				69310F491E6F68B800792B89 /* ScoreKeeper.m in Sources */,
				69310F3B1E6F36F900792B89 /* main.m in Sources */,
				691EE62F1E7197D300E8C484 /* DivisionQuestion.m in Sources */,
				69310F461E6F615600792B89 /* InputHandler.m in Sources */,
				691EE6351E71E66F00E8C484 /* QuestionFactory.m in Sources */,
				69310F431E6F3D9D00792B89 /* Question.m in Sources */,
			);
			runOnlyForDeploymentPostprocessing = 0;
		};
/* End PBXSourcesBuildPhase section */

/* Begin XCBuildConfiguration section */
		69310F3C1E6F36F900792B89 /* Debug */ = {
			isa = XCBuildConfiguration;
			buildSettings = {
				ALWAYS_SEARCH_USER_PATHS = NO;
				CLANG_ANALYZER_NONNULL = YES;
				CLANG_CXX_LANGUAGE_STANDARD = "gnu++0x";
				CLANG_CXX_LIBRARY = "libc++";
				CLANG_ENABLE_MODULES = YES;
				CLANG_ENABLE_OBJC_ARC = YES;
				CLANG_WARN_BOOL_CONVERSION = YES;
				CLANG_WARN_CONSTANT_CONVERSION = YES;
				CLANG_WARN_DIRECT_OBJC_ISA_USAGE = YES_ERROR;
				CLANG_WARN_DOCUMENTATION_COMMENTS = YES;
				CLANG_WARN_EMPTY_BODY = YES;
				CLANG_WARN_ENUM_CONVERSION = YES;
				CLANG_WARN_INFINITE_RECURSION = YES;
				CLANG_WARN_INT_CONVERSION = YES;
				CLANG_WARN_OBJC_ROOT_CLASS = YES_ERROR;
				CLANG_WARN_SUSPICIOUS_MOVE = YES;
				CLANG_WARN_UNREACHABLE_CODE = YES;
				CLANG_WARN__DUPLICATE_METHOD_MATCH = YES;
				CODE_SIGN_IDENTITY = "-";
				COPY_PHASE_STRIP = NO;
				DEBUG_INFORMATION_FORMAT = dwarf;
				ENABLE_STRICT_OBJC_MSGSEND = YES;
				ENABLE_TESTABILITY = YES;
				GCC_C_LANGUAGE_STANDARD = gnu99;
				GCC_DYNAMIC_NO_PIC = NO;
				GCC_NO_COMMON_BLOCKS = YES;
				GCC_OPTIMIZATION_LEVEL = 0;
				GCC_PREPROCESSOR_DEFINITIONS = (
					"DEBUG=1",
					"$(inherited)",
				);
				GCC_WARN_64_TO_32_BIT_CONVERSION = YES;
				GCC_WARN_ABOUT_RETURN_TYPE = YES_ERROR;
				GCC_WARN_UNDECLARED_SELECTOR = YES;
				GCC_WARN_UNINITIALIZED_AUTOS = YES_AGGRESSIVE;
				GCC_WARN_UNUSED_FUNCTION = YES;
				GCC_WARN_UNUSED_VARIABLE = YES;
				MACOSX_DEPLOYMENT_TARGET = 10.11;
				MTL_ENABLE_DEBUG_INFO = YES;
				ONLY_ACTIVE_ARCH = YES;
				SDKROOT = macosx;
			};
			name = Debug;
		};
		69310F3D1E6F36F900792B89 /* Release */ = {
			isa = XCBuildConfiguration;
			buildSettings = {
				ALWAYS_SEARCH_USER_PATHS = NO;
				CLANG_ANALYZER_NONNULL = YES;
				CLANG_CXX_LANGUAGE_STANDARD = "gnu++0x";
				CLANG_CXX_LIBRARY = "libc++";
				CLANG_ENABLE_MODULES = YES;
				CLANG_ENABLE_OBJC_ARC = YES;
				CLANG_WARN_BOOL_CONVERSION = YES;
				CLANG_WARN_CONSTANT_CONVERSION = YES;
				CLANG_WARN_DIRECT_OBJC_ISA_USAGE = YES_ERROR;
				CLANG_WARN_DOCUMENTATION_COMMENTS = YES;
				CLANG_WARN_EMPTY_BODY = YES;
				CLANG_WARN_ENUM_CONVERSION = YES;
				CLANG_WARN_INFINITE_RECURSION = YES;
				CLANG_WARN_INT_CONVERSION = YES;
				CLANG_WARN_OBJC_ROOT_CLASS = YES_ERROR;
				CLANG_WARN_SUSPICIOUS_MOVE = YES;
				CLANG_WARN_UNREACHABLE_CODE = YES;
				CLANG_WARN__DUPLICATE_METHOD_MATCH = YES;
				CODE_SIGN_IDENTITY = "-";
				COPY_PHASE_STRIP = NO;
				DEBUG_INFORMATION_FORMAT = "dwarf-with-dsym";
				ENABLE_NS_ASSERTIONS = NO;
				ENABLE_STRICT_OBJC_MSGSEND = YES;
				GCC_C_LANGUAGE_STANDARD = gnu99;
				GCC_NO_COMMON_BLOCKS = YES;
				GCC_WARN_64_TO_32_BIT_CONVERSION = YES;
				GCC_WARN_ABOUT_RETURN_TYPE = YES_ERROR;
				GCC_WARN_UNDECLARED_SELECTOR = YES;
				GCC_WARN_UNINITIALIZED_AUTOS = YES_AGGRESSIVE;
				GCC_WARN_UNUSED_FUNCTION = YES;
				GCC_WARN_UNUSED_VARIABLE = YES;
				MACOSX_DEPLOYMENT_TARGET = 10.11;
				MTL_ENABLE_DEBUG_INFO = NO;
				SDKROOT = macosx;
			};
			name = Release;
		};
		69310F3F1E6F36F900792B89 /* Debug */ = {
			isa = XCBuildConfiguration;
			buildSettings = {
				PRODUCT_NAME = "$(TARGET_NAME)";
			};
			name = Debug;
		};
		69310F401E6F36F900792B89 /* Release */ = {
			isa = XCBuildConfiguration;
			buildSettings = {
				PRODUCT_NAME = "$(TARGET_NAME)";
			};
			name = Release;
		};
/* End XCBuildConfiguration section */

/* Begin XCConfigurationList section */
		69310F321E6F36F900792B89 /* Build configuration list for PBXProject "Maths" */ = {
			isa = XCConfigurationList;
			buildConfigurations = (
				69310F3C1E6F36F900792B89 /* Debug */,
				69310F3D1E6F36F900792B89 /* Release */,
			);
			defaultConfigurationIsVisible = 0;
			defaultConfigurationName = Release;
		};
		69310F3E1E6F36F900792B89 /* Build configuration list for PBXNativeTarget "Maths" */ = {
			isa = XCConfigurationList;
			buildConfigurations = (
				69310F3F1E6F36F900792B89 /* Debug */,
				69310F401E6F36F900792B89 /* Release */,
			);
			defaultConfigurationIsVisible = 0;
			defaultConfigurationName = Release;
		};
/* End XCConfigurationList section */
	};
	rootObject = 69310F2F1E6F36F900792B89 /* Project object */;
}
